
Microsoft Visual Studio Solution File, Format Version 12.00
# Visual Studio 14
VisualStudioVersion = 14.0.23107.0
MinimumVisualStudioVersion = 10.0.40219.1
Project("{159641D6-6404-4A2A-AE62-294DE0FE8301}") = "createinssdt", "createinssdt\createinssdt.dtproj", "{80555BCC-11C9-4AAD-BF2A-7B1DC2BEFDBF}"
EndProject
Global
	GlobalSection(SolutionConfigurationPlatforms) = preSolution
		Development|Default = Development|Default
	EndGlobalSection
	GlobalSection(ProjectConfigurationPlatforms) = postSolution
		{80555BCC-11C9-4AAD-BF2A-7B1DC2BEFDBF}.Development|Default.ActiveCfg = Development
		{80555BCC-11C9-4AAD-BF2A-7B1DC2BEFDBF}.Development|Default.Build.0 = Development
	EndGlobalSection
	GlobalSection(SolutionProperties) = preSolution
		HideSolutionNode = FALSE
	EndGlobalSection
EndGlobal
